
Microsoft Visual Studio Solution File, Format Version 12.00
# Visual Studio Version 17
VisualStudioVersion = 17.5.002.0
MinimumVisualStudioVersion = 10.0.40219.1
Project("{2150E333-8FDC-42A3-9474-1A3956D46DE8}") = "csharp-prep", "csharp-prep", "{4DFE48A3-16F2-46AC-8CE0-6AC76071B814}"
EndProject
Project("{9A19103F-16F7-4668-BE54-9A1E7A4F7556}") = "Prep1", "csharp-prep\Prep1\Prep1.csproj", "{39D2FA9B-EC8D-4B73-BB0A-A844084FA4ED}"
EndProject
Project("{9A19103F-16F7-4668-BE54-9A1E7A4F7556}") = "Prep2", "csharp-prep\Prep2\Prep2.csproj", "{DF6D25E8-F375-4509-A10A-382C9A0980CC}"
EndProject
Project("{9A19103F-16F7-4668-BE54-9A1E7A4F7556}") = "Prep3", "csharp-prep\Prep3\Prep3.csproj", "{0AE85A3E-E29D-42E9-B959-424A895DCEDE}"
EndProject
Project("{9A19103F-16F7-4668-BE54-9A1E7A4F7556}") = "Prep4", "csharp-prep\Prep4\Prep4.csproj", "{3580641C-B477-4B76-B2E9-58E29A7F73C8}"
EndProject
Project("{9A19103F-16F7-4668-BE54-9A1E7A4F7556}") = "Prep5", "csharp-prep\Prep5\Prep5.csproj", "{C781A833-D32B-4D33-9E57-AD96DD4649F9}"
EndProject
Project("{2150E333-8FDC-42A3-9474-1A3956D46DE8}") = "final", "final", "{10617525-EA08-4271-B164-72CD66EADF87}"
EndProject
Project("{9A19103F-16F7-4668-BE54-9A1E7A4F7556}") = "FinalProject", "final\FinalProject\FinalProject.csproj", "{76A2D002-3DB8-4A97-8A09-667B2197B9B0}"
EndProject
Project("{9A19103F-16F7-4668-BE54-9A1E7A4F7556}") = "Foundation1", "final\Foundation1\Foundation1.csproj", "{712E67EF-5608-4D8B-952C-7D869FA651A2}"
EndProject
Project("{9A19103F-16F7-4668-BE54-9A1E7A4F7556}") = "Foundation2", "final\Foundation2\Foundation2.csproj", "{30A2E3B5-649D-45E8-96EE-D4D866541C00}"
EndProject
Project("{9A19103F-16F7-4668-BE54-9A1E7A4F7556}") = "Foundation3", "final\Foundation3\Foundation3.csproj", "{2FE2ED49-0C0F-4547-8160-18B25F7B7DA7}"
EndProject
Project("{9A19103F-16F7-4668-BE54-9A1E7A4F7556}") = "Foundation4", "final\Foundation4\Foundation4.csproj", "{19E002D7-43F2-41D6-AEDB-CDB58A33655B}"
EndProject
Project("{2150E333-8FDC-42A3-9474-1A3956D46DE8}") = "prepare", "prepare", "{1497AB1E-F513-4462-A972-68F230D9FB66}"
EndProject
Project("{9A19103F-16F7-4668-BE54-9A1E7A4F7556}") = "Learning02", "prepare\Learning02\Learning02.csproj", "{37702CFB-2DDA-4055-9A59-8A67F3007AD0}"
EndProject
Project("{9A19103F-16F7-4668-BE54-9A1E7A4F7556}") = "Learning03", "prepare\Learning03\Learning03.csproj", "{716C3871-008E-4E7F-89AC-EBA7B7A348A5}"
EndProject
Project("{9A19103F-16F7-4668-BE54-9A1E7A4F7556}") = "Learning04", "prepare\Learning04\Learning04.csproj", "{50358108-08DC-49E0-A52D-F94117F8FE0E}"
EndProject
Project("{9A19103F-16F7-4668-BE54-9A1E7A4F7556}") = "Learning05", "prepare\Learning05\Learning05.csproj", "{0A03D900-A01E-45EE-A967-2CA7297E9B62}"
EndProject
Project("{2150E333-8FDC-42A3-9474-1A3956D46DE8}") = "prove", "prove", "{FEB296CF-2FF3-4CCD-9DF8-A55B93B0B535}"
EndProject
Project("{9A19103F-16F7-4668-BE54-9A1E7A4F7556}") = "Develop02", "prove\Develop02\Develop02.csproj", "{7D1046BB-65DE-465B-AB61-295A772274E7}"
EndProject
Project("{9A19103F-16F7-4668-BE54-9A1E7A4F7556}") = "Develop03", "prove\Develop03\Develop03.csproj", "{A3F2301F-92EC-4163-905E-50DC3DF0D8B3}"
EndProject
Project("{9A19103F-16F7-4668-BE54-9A1E7A4F7556}") = "Develop04", "prove\Develop04\Develop04.csproj", "{3BD73C62-AB70-4E25-9D98-93FF5C218E13}"
EndProject
Project("{9A19103F-16F7-4668-BE54-9A1E7A4F7556}") = "Develop05", "prove\Develop05\Develop05.csproj", "{786CE448-3BAD-4E01-9345-A44C16D13753}"
EndProject
Project("{2150E333-8FDC-42A3-9474-1A3956D46DE8}") = "sandbox", "sandbox", "{0E3590D4-4366-4605-AC22-669AF8A5B634}"
EndProject
Project("{9A19103F-16F7-4668-BE54-9A1E7A4F7556}") = "Sandbox", "sandbox\Sandbox\Sandbox.csproj", "{5921E036-7BB0-43BF-8EAE-909343402CA1}"
EndProject
Global
	GlobalSection(SolutionConfigurationPlatforms) = preSolution
		Debug|Any CPU = Debug|Any CPU
		Release|Any CPU = Release|Any CPU
	EndGlobalSection
	GlobalSection(ProjectConfigurationPlatforms) = postSolution
		{39D2FA9B-EC8D-4B73-BB0A-A844084FA4ED}.Debug|Any CPU.ActiveCfg = Debug|Any CPU
		{39D2FA9B-EC8D-4B73-BB0A-A844084FA4ED}.Debug|Any CPU.Build.0 = Debug|Any CPU
		{39D2FA9B-EC8D-4B73-BB0A-A844084FA4ED}.Release|Any CPU.ActiveCfg = Release|Any CPU
		{39D2FA9B-EC8D-4B73-BB0A-A844084FA4ED}.Release|Any CPU.Build.0 = Release|Any CPU
		{DF6D25E8-F375-4509-A10A-382C9A0980CC}.Debug|Any CPU.ActiveCfg = Debug|Any CPU
		{DF6D25E8-F375-4509-A10A-382C9A0980CC}.Debug|Any CPU.Build.0 = Debug|Any CPU
		{DF6D25E8-F375-4509-A10A-382C9A0980CC}.Release|Any CPU.ActiveCfg = Release|Any CPU
		{DF6D25E8-F375-4509-A10A-382C9A0980CC}.Release|Any CPU.Build.0 = Release|Any CPU
		{0AE85A3E-E29D-42E9-B959-424A895DCEDE}.Debug|Any CPU.ActiveCfg = Debug|Any CPU
		{0AE85A3E-E29D-42E9-B959-424A895DCEDE}.Debug|Any CPU.Build.0 = Debug|Any CPU
		{0AE85A3E-E29D-42E9-B959-424A895DCEDE}.Release|Any CPU.ActiveCfg = Release|Any CPU
		{0AE85A3E-E29D-42E9-B959-424A895DCEDE}.Release|Any CPU.Build.0 = Release|Any CPU
		{3580641C-B477-4B76-B2E9-58E29A7F73C8}.Debug|Any CPU.ActiveCfg = Debug|Any CPU
		{3580641C-B477-4B76-B2E9-58E29A7F73C8}.Debug|Any CPU.Build.0 = Debug|Any CPU
		{3580641C-B477-4B76-B2E9-58E29A7F73C8}.Release|Any CPU.ActiveCfg = Release|Any CPU
		{3580641C-B477-4B76-B2E9-58E29A7F73C8}.Release|Any CPU.Build.0 = Release|Any CPU
		{C781A833-D32B-4D33-9E57-AD96DD4649F9}.Debug|Any CPU.ActiveCfg = Debug|Any CPU
		{C781A833-D32B-4D33-9E57-AD96DD4649F9}.Debug|Any CPU.Build.0 = Debug|Any CPU
		{C781A833-D32B-4D33-9E57-AD96DD4649F9}.Release|Any CPU.ActiveCfg = Release|Any CPU
		{C781A833-D32B-4D33-9E57-AD96DD4649F9}.Release|Any CPU.Build.0 = Release|Any CPU
		{76A2D002-3DB8-4A97-8A09-667B2197B9B0}.Debug|Any CPU.ActiveCfg = Debug|Any CPU
		{76A2D002-3DB8-4A97-8A09-667B2197B9B0}.Debug|Any CPU.Build.0 = Debug|Any CPU
		{76A2D002-3DB8-4A97-8A09-667B2197B9B0}.Release|Any CPU.ActiveCfg = Release|Any CPU
		{76A2D002-3DB8-4A97-8A09-667B2197B9B0}.Release|Any CPU.Build.0 = Release|Any CPU
		{712E67EF-5608-4D8B-952C-7D869FA651A2}.Debug|Any CPU.ActiveCfg = Debug|Any CPU
		{712E67EF-5608-4D8B-952C-7D869FA651A2}.Debug|Any CPU.Build.0 = Debug|Any CPU
		{712E67EF-5608-4D8B-952C-7D869FA651A2}.Release|Any CPU.ActiveCfg = Release|Any CPU
		{712E67EF-5608-4D8B-952C-7D869FA651A2}.Release|Any CPU.Build.0 = Release|Any CPU
		{30A2E3B5-649D-45E8-96EE-D4D866541C00}.Debug|Any CPU.ActiveCfg = Debug|Any CPU
		{30A2E3B5-649D-45E8-96EE-D4D866541C00}.Debug|Any CPU.Build.0 = Debug|Any CPU
		{30A2E3B5-649D-45E8-96EE-D4D866541C00}.Release|Any CPU.ActiveCfg = Release|Any CPU
		{30A2E3B5-649D-45E8-96EE-D4D866541C00}.Release|Any CPU.Build.0 = Release|Any CPU
		{2FE2ED49-0C0F-4547-8160-18B25F7B7DA7}.Debug|Any CPU.ActiveCfg = Debug|Any CPU
		{2FE2ED49-0C0F-4547-8160-18B25F7B7DA7}.Debug|Any CPU.Build.0 = Debug|Any CPU
		{2FE2ED49-0C0F-4547-8160-18B25F7B7DA7}.Release|Any CPU.ActiveCfg = Release|Any CPU
		{2FE2ED49-0C0F-4547-8160-18B25F7B7DA7}.Release|Any CPU.Build.0 = Release|Any CPU
		{19E002D7-43F2-41D6-AEDB-CDB58A33655B}.Debug|Any CPU.ActiveCfg = Debug|Any CPU
		{19E002D7-43F2-41D6-AEDB-CDB58A33655B}.Debug|Any CPU.Build.0 = Debug|Any CPU
		{19E002D7-43F2-41D6-AEDB-CDB58A33655B}.Release|Any CPU.ActiveCfg = Release|Any CPU
		{19E002D7-43F2-41D6-AEDB-CDB58A33655B}.Release|Any CPU.Build.0 = Release|Any CPU
		{37702CFB-2DDA-4055-9A59-8A67F3007AD0}.Debug|Any CPU.ActiveCfg = Debug|Any CPU
		{37702CFB-2DDA-4055-9A59-8A67F3007AD0}.Debug|Any CPU.Build.0 = Debug|Any CPU
		{37702CFB-2DDA-4055-9A59-8A67F3007AD0}.Release|Any CPU.ActiveCfg = Release|Any CPU
		{37702CFB-2DDA-4055-9A59-8A67F3007AD0}.Release|Any CPU.Build.0 = Release|Any CPU
		{716C3871-008E-4E7F-89AC-EBA7B7A348A5}.Debug|Any CPU.ActiveCfg = Debug|Any CPU
		{716C3871-008E-4E7F-89AC-EBA7B7A348A5}.Debug|Any CPU.Build.0 = Debug|Any CPU
		{716C3871-008E-4E7F-89AC-EBA7B7A348A5}.Release|Any CPU.ActiveCfg = Release|Any CPU
		{716C3871-008E-4E7F-89AC-EBA7B7A348A5}.Release|Any CPU.Build.0 = Release|Any CPU
		{50358108-08DC-49E0-A52D-F94117F8FE0E}.Debug|Any CPU.ActiveCfg = Debug|Any CPU
		{50358108-08DC-49E0-A52D-F94117F8FE0E}.Debug|Any CPU.Build.0 = Debug|Any CPU
		{50358108-08DC-49E0-A52D-F94117F8FE0E}.Release|Any CPU.ActiveCfg = Release|Any CPU
		{50358108-08DC-49E0-A52D-F94117F8FE0E}.Release|Any CPU.Build.0 = Release|Any CPU
		{0A03D900-A01E-45EE-A967-2CA7297E9B62}.Debug|Any CPU.ActiveCfg = Debug|Any CPU
		{0A03D900-A01E-45EE-A967-2CA7297E9B62}.Debug|Any CPU.Build.0 = Debug|Any CPU
		{0A03D900-A01E-45EE-A967-2CA7297E9B62}.Release|Any CPU.ActiveCfg = Release|Any CPU
		{0A03D900-A01E-45EE-A967-2CA7297E9B62}.Release|Any CPU.Build.0 = Release|Any CPU
		{7D1046BB-65DE-465B-AB61-295A772274E7}.Debug|Any CPU.ActiveCfg = Debug|Any CPU
		{7D1046BB-65DE-465B-AB61-295A772274E7}.Debug|Any CPU.Build.0 = Debug|Any CPU
		{7D1046BB-65DE-465B-AB61-295A772274E7}.Release|Any CPU.ActiveCfg = Release|Any CPU
		{7D1046BB-65DE-465B-AB61-295A772274E7}.Release|Any CPU.Build.0 = Release|Any CPU
		{A3F2301F-92EC-4163-905E-50DC3DF0D8B3}.Debug|Any CPU.ActiveCfg = Debug|Any CPU
		{A3F2301F-92EC-4163-905E-50DC3DF0D8B3}.Debug|Any CPU.Build.0 = Debug|Any CPU
		{A3F2301F-92EC-4163-905E-50DC3DF0D8B3}.Release|Any CPU.ActiveCfg = Release|Any CPU
		{A3F2301F-92EC-4163-905E-50DC3DF0D8B3}.Release|Any CPU.Build.0 = Release|Any CPU
		{3BD73C62-AB70-4E25-9D98-93FF5C218E13}.Debug|Any CPU.ActiveCfg = Debug|Any CPU
		{3BD73C62-AB70-4E25-9D98-93FF5C218E13}.Debug|Any CPU.Build.0 = Debug|Any CPU
		{3BD73C62-AB70-4E25-9D98-93FF5C218E13}.Release|Any CPU.ActiveCfg = Release|Any CPU
		{3BD73C62-AB70-4E25-9D98-93FF5C218E13}.Release|Any CPU.Build.0 = Release|Any CPU
		{786CE448-3BAD-4E01-9345-A44C16D13753}.Debug|Any CPU.ActiveCfg = Debug|Any CPU
		{786CE448-3BAD-4E01-9345-A44C16D13753}.Debug|Any CPU.Build.0 = Debug|Any CPU
		{786CE448-3BAD-4E01-9345-A44C16D13753}.Release|Any CPU.ActiveCfg = Release|Any CPU
		{786CE448-3BAD-4E01-9345-A44C16D13753}.Release|Any CPU.Build.0 = Release|Any CPU
		{5921E036-7BB0-43BF-8EAE-909343402CA1}.Debug|Any CPU.ActiveCfg = Debug|Any CPU
		{5921E036-7BB0-43BF-8EAE-909343402CA1}.Debug|Any CPU.Build.0 = Debug|Any CPU
		{5921E036-7BB0-43BF-8EAE-909343402CA1}.Release|Any CPU.ActiveCfg = Release|Any CPU
		{5921E036-7BB0-43BF-8EAE-909343402CA1}.Release|Any CPU.Build.0 = Release|Any CPU
	EndGlobalSection
	GlobalSection(SolutionProperties) = preSolution
		HideSolutionNode = FALSE
	EndGlobalSection
	GlobalSection(NestedProjects) = preSolution
		{39D2FA9B-EC8D-4B73-BB0A-A844084FA4ED} = {4DFE48A3-16F2-46AC-8CE0-6AC76071B814}
		{DF6D25E8-F375-4509-A10A-382C9A0980CC} = {4DFE48A3-16F2-46AC-8CE0-6AC76071B814}
		{0AE85A3E-E29D-42E9-B959-424A895DCEDE} = {4DFE48A3-16F2-46AC-8CE0-6AC76071B814}
		{3580641C-B477-4B76-B2E9-58E29A7F73C8} = {4DFE48A3-16F2-46AC-8CE0-6AC76071B814}
		{C781A833-D32B-4D33-9E57-AD96DD4649F9} = {4DFE48A3-16F2-46AC-8CE0-6AC76071B814}
		{76A2D002-3DB8-4A97-8A09-667B2197B9B0} = {10617525-EA08-4271-B164-72CD66EADF87}
		{712E67EF-5608-4D8B-952C-7D869FA651A2} = {10617525-EA08-4271-B164-72CD66EADF87}
		{30A2E3B5-649D-45E8-96EE-D4D866541C00} = {10617525-EA08-4271-B164-72CD66EADF87}
		{2FE2ED49-0C0F-4547-8160-18B25F7B7DA7} = {10617525-EA08-4271-B164-72CD66EADF87}
		{19E002D7-43F2-41D6-AEDB-CDB58A33655B} = {10617525-EA08-4271-B164-72CD66EADF87}
		{37702CFB-2DDA-4055-9A59-8A67F3007AD0} = {1497AB1E-F513-4462-A972-68F230D9FB66}
		{716C3871-008E-4E7F-89AC-EBA7B7A348A5} = {1497AB1E-F513-4462-A972-68F230D9FB66}
		{50358108-08DC-49E0-A52D-F94117F8FE0E} = {1497AB1E-F513-4462-A972-68F230D9FB66}
		{0A03D900-A01E-45EE-A967-2CA7297E9B62} = {1497AB1E-F513-4462-A972-68F230D9FB66}
		{7D1046BB-65DE-465B-AB61-295A772274E7} = {FEB296CF-2FF3-4CCD-9DF8-A55B93B0B535}
		{A3F2301F-92EC-4163-905E-50DC3DF0D8B3} = {FEB296CF-2FF3-4CCD-9DF8-A55B93B0B535}
		{3BD73C62-AB70-4E25-9D98-93FF5C218E13} = {FEB296CF-2FF3-4CCD-9DF8-A55B93B0B535}
		{786CE448-3BAD-4E01-9345-A44C16D13753} = {FEB296CF-2FF3-4CCD-9DF8-A55B93B0B535}
		{5921E036-7BB0-43BF-8EAE-909343402CA1} = {0E3590D4-4366-4605-AC22-669AF8A5B634}
	EndGlobalSection
	GlobalSection(ExtensibilityGlobals) = postSolution
		SolutionGuid = {5EEBF729-E040-44F1-A96D-73FB98BF7E4F}
	EndGlobalSection
EndGlobal
